// !$*UTF8*$!
{
	archiveVersion = 1;
	classes = {
	};
	objectVersion = 46;
	objects = {

/* Begin PBXBuildFile section */
		45D8647B1BD7890500332933 /* AppDelegate.swift in Sources */ = {isa = PBXBuildFile; fileRef = 45D8647A1BD7890500332933 /* AppDelegate.swift */; };
		45D8647D1BD7890500332933 /* ViewController.swift in Sources */ = {isa = PBXBuildFile; fileRef = 45D8647C1BD7890500332933 /* ViewController.swift */; };
		45D864801BD7890500332933 /* Main.storyboard in Resources */ = {isa = PBXBuildFile; fileRef = 45D8647E1BD7890500332933 /* Main.storyboard */; };
		45D864821BD7890500332933 /* Assets.xcassets in Resources */ = {isa = PBXBuildFile; fileRef = 45D864811BD7890500332933 /* Assets.xcassets */; };
		45D864851BD7890500332933 /* LaunchScreen.storyboard in Resources */ = {isa = PBXBuildFile; fileRef = 45D864831BD7890500332933 /* LaunchScreen.storyboard */; };
/* End PBXBuildFile section */

/* Begin PBXFileReference section */
		45D864771BD7890500332933 /* XMPPMessengerApp.app */ = {isa = PBXFileReference; explicitFileType = wrapper.application; includeInIndex = 0; path = XMPPMessengerApp.app; sourceTree = BUILT_PRODUCTS_DIR; };
		45D8647A1BD7890500332933 /* AppDelegate.swift */ = {isa = PBXFileReference; lastKnownFileType = sourcecode.swift; path = AppDelegate.swift; sourceTree = "<group>"; };
		45D8647C1BD7890500332933 /* ViewController.swift */ = {isa = PBXFileReference; lastKnownFileType = sourcecode.swift; path = ViewController.swift; sourceTree = "<group>"; };
		45D8647F1BD7890500332933 /* Base */ = {isa = PBXFileReference; lastKnownFileType = file.storyboard; name = Base; path = Base.lproj/Main.storyboard; sourceTree = "<group>"; };
		45D864811BD7890500332933 /* Assets.xcassets */ = {isa = PBXFileReference; lastKnownFileType = folder.assetcatalog; path = Assets.xcassets; sourceTree = "<group>"; };
		45D864841BD7890500332933 /* Base */ = {isa = PBXFileReference; lastKnownFileType = file.storyboard; name = Base; path = Base.lproj/LaunchScreen.storyboard; sourceTree = "<group>"; };
		45D864861BD7890500332933 /* Info.plist */ = {isa = PBXFileReference; lastKnownFileType = text.plist.xml; path = Info.plist; sourceTree = "<group>"; };
/* End PBXFileReference section */

/* Begin PBXFrameworksBuildPhase section */
		45D864741BD7890500332933 /* Frameworks */ = {
			isa = PBXFrameworksBuildPhase;
			buildActionMask = 2147483647;
			files = (
			);
			runOnlyForDeploymentPostprocessing = 0;
		};
/* End PBXFrameworksBuildPhase section */

/* Begin PBXGroup section */
		45D8646E1BD7890500332933 = {
			isa = PBXGroup;
			children = (
				45D864791BD7890500332933 /* XMPPMessengerApp */,
				45D864781BD7890500332933 /* Products */,
			);
			sourceTree = "<group>";
		};
		45D864781BD7890500332933 /* Products */ = {
			isa = PBXGroup;
			children = (
				45D864771BD7890500332933 /* XMPPMessengerApp.app */,
			);
			name = Products;
			sourceTree = "<group>";
		};
		45D864791BD7890500332933 /* XMPPMessengerApp */ = {
			isa = PBXGroup;
			children = (
				45D8647A1BD7890500332933 /* AppDelegate.swift */,
				45D8647C1BD7890500332933 /* ViewController.swift */,
				45D8647E1BD7890500332933 /* Main.storyboard */,
				45D864811BD7890500332933 /* Assets.xcassets */,
				45D864831BD7890500332933 /* LaunchScreen.storyboard */,
				45D864861BD7890500332933 /* Info.plist */,
			);
			path = XMPPMessengerApp;
			sourceTree = "<group>";
		};
/* End PBXGroup section */

/* Begin PBXNativeTarget section */
		45D864761BD7890500332933 /* XMPPMessengerApp */ = {
			isa = PBXNativeTarget;
			buildConfigurationList = 45D864891BD7890500332933 /* Build configuration list for PBXNativeTarget "XMPPMessengerApp" */;
			buildPhases = (
				45D864731BD7890500332933 /* Sources */,
				45D864741BD7890500332933 /* Frameworks */,
				45D864751BD7890500332933 /* Resources */,
			);
			buildRules = (
			);
			dependencies = (
			);
			name = XMPPMessengerApp;
			productName = XMPPMessengerApp;
			productReference = 45D864771BD7890500332933 /* XMPPMessengerApp.app */;
			productType = "com.apple.product-type.application";
		};
/* End PBXNativeTarget section */

/* Begin PBXProject section */
		45D8646F1BD7890500332933 /* Project object */ = {
			isa = PBXProject;
			attributes = {
				LastUpgradeCheck = 0700;
				ORGANIZATIONNAME = Boris;
				TargetAttributes = {
					45D864761BD7890500332933 = {
						CreatedOnToolsVersion = 7.0.1;
					};
				};
			};
			buildConfigurationList = 45D864721BD7890500332933 /* Build configuration list for PBXProject "XMPPMessengerApp" */;
			compatibilityVersion = "Xcode 3.2";
			developmentRegion = English;
			hasScannedForEncodings = 0;
			knownRegions = (
				en,
				Base,
			);
			mainGroup = 45D8646E1BD7890500332933;
			productRefGroup = 45D864781BD7890500332933 /* Products */;
			projectDirPath = "";
			projectRoot = "";
			targets = (
				45D864761BD7890500332933 /* XMPPMessengerApp */,
			);
		};
/* End PBXProject section */

/* Begin PBXResourcesBuildPhase section */
		45D864751BD7890500332933 /* Resources */ = {
			isa = PBXResourcesBuildPhase;
			buildActionMask = 2147483647;
			files = (
				45D864851BD7890500332933 /* LaunchScreen.storyboard in Resources */,
				45D864821BD7890500332933 /* Assets.xcassets in Resources */,
				45D864801BD7890500332933 /* Main.storyboard in Resources */,
			);
			runOnlyForDeploymentPostprocessing = 0;
		};
/* End PBXResourcesBuildPhase section */

/* Begin PBXSourcesBuildPhase section */
		45D864731BD7890500332933 /* Sources */ = {
			isa = PBXSourcesBuildPhase;
			buildActionMask = 2147483647;
			files = (
				45D8647D1BD7890500332933 /* ViewController.swift in Sources */,
				45D8647B1BD7890500332933 /* AppDelegate.swift in Sources */,
			);
			runOnlyForDeploymentPostprocessing = 0;
		};
/* End PBXSourcesBuildPhase section */

/* Begin PBXVariantGroup section */
		45D8647E1BD7890500332933 /* Main.storyboard */ = {
			isa = PBXVariantGroup;
			children = (
				45D8647F1BD7890500332933 /* Base */,
			);
			name = Main.storyboard;
			sourceTree = "<group>";
		};
		45D864831BD7890500332933 /* LaunchScreen.storyboard */ = {
			isa = PBXVariantGroup;
			children = (
				45D864841BD7890500332933 /* Base */,
			);
			name = LaunchScreen.storyboard;
			sourceTree = "<group>";
		};
/* End PBXVariantGroup section */

/* Begin XCBuildConfiguration section */
		45D864871BD7890500332933 /* Debug */ = {
			isa = XCBuildConfiguration;
			buildSettings = {
				ALWAYS_SEARCH_USER_PATHS = NO;
				CLANG_CXX_LANGUAGE_STANDARD = "gnu++0x";
				CLANG_CXX_LIBRARY = "libc++";
				CLANG_ENABLE_MODULES = YES;
				CLANG_ENABLE_OBJC_ARC = YES;
				CLANG_WARN_BOOL_CONVERSION = YES;
				CLANG_WARN_CONSTANT_CONVERSION = YES;
				CLANG_WARN_DIRECT_OBJC_ISA_USAGE = YES_ERROR;
				CLANG_WARN_EMPTY_BODY = YES;
				CLANG_WARN_ENUM_CONVERSION = YES;
				CLANG_WARN_INT_CONVERSION = YES;
				CLANG_WARN_OBJC_ROOT_CLASS = YES_ERROR;
				CLANG_WARN_UNREACHABLE_CODE = YES;
				CLANG_WARN__DUPLICATE_METHOD_MATCH = YES;
				"CODE_SIGN_IDENTITY[sdk=iphoneos*]" = "iPhone Developer";
				COPY_PHASE_STRIP = NO;
				DEBUG_INFORMATION_FORMAT = dwarf;
				ENABLE_STRICT_OBJC_MSGSEND = YES;
				ENABLE_TESTABILITY = YES;
				GCC_C_LANGUAGE_STANDARD = gnu99;
				GCC_DYNAMIC_NO_PIC = NO;
				GCC_NO_COMMON_BLOCKS = YES;
				GCC_OPTIMIZATION_LEVEL = 0;
				GCC_PREPROCESSOR_DEFINITIONS = (
					"DEBUG=1",
					"$(inherited)",
				);
				GCC_WARN_64_TO_32_BIT_CONVERSION = YES;
				GCC_WARN_ABOUT_RETURN_TYPE = YES_ERROR;
				GCC_WARN_UNDECLARED_SELECTOR = YES;
				GCC_WARN_UNINITIALIZED_AUTOS = YES_AGGRESSIVE;
				GCC_WARN_UNUSED_FUNCTION = YES;
				GCC_WARN_UNUSED_VARIABLE = YES;
				IPHONEOS_DEPLOYMENT_TARGET = 9.0;
				MTL_ENABLE_DEBUG_INFO = YES;
				ONLY_ACTIVE_ARCH = YES;
				SDKROOT = iphoneos;
				SWIFT_OPTIMIZATION_LEVEL = "-Onone";
				TARGETED_DEVICE_FAMILY = "1,2";
			};
			name = Debug;
		};
		45D864881BD7890500332933 /* Release */ = {
			isa = XCBuildConfiguration;
			buildSettings = {
				ALWAYS_SEARCH_USER_PATHS = NO;
				CLANG_CXX_LANGUAGE_STANDARD = "gnu++0x";
				CLANG_CXX_LIBRARY = "libc++";
				CLANG_ENABLE_MODULES = YES;
				CLANG_ENABLE_OBJC_ARC = YES;
				CLANG_WARN_BOOL_CONVERSION = YES;
				CLANG_WARN_CONSTANT_CONVERSION = YES;
				CLANG_WARN_DIRECT_OBJC_ISA_USAGE = YES_ERROR;
				CLANG_WARN_EMPTY_BODY = YES;
				CLANG_WARN_ENUM_CONVERSION = YES;
				CLANG_WARN_INT_CONVERSION = YES;
				CLANG_WARN_OBJC_ROOT_CLASS = YES_ERROR;
				CLANG_WARN_UNREACHABLE_CODE = YES;
				CLANG_WARN__DUPLICATE_METHOD_MATCH = YES;
				"CODE_SIGN_IDENTITY[sdk=iphoneos*]" = "iPhone Developer";
				COPY_PHASE_STRIP = NO;
				DEBUG_INFORMATION_FORMAT = "dwarf-with-dsym";
				ENABLE_NS_ASSERTIONS = NO;
				ENABLE_STRICT_OBJC_MSGSEND = YES;
				GCC_C_LANGUAGE_STANDARD = gnu99;
				GCC_NO_COMMON_BLOCKS = YES;
				GCC_WARN_64_TO_32_BIT_CONVERSION = YES;
				GCC_WARN_ABOUT_RETURN_TYPE = YES_ERROR;
				GCC_WARN_UNDECLARED_SELECTOR = YES;
				GCC_WARN_UNINITIALIZED_AUTOS = YES_AGGRESSIVE;
				GCC_WARN_UNUSED_FUNCTION = YES;
				GCC_WARN_UNUSED_VARIABLE = YES;
				IPHONEOS_DEPLOYMENT_TARGET = 9.0;
				MTL_ENABLE_DEBUG_INFO = NO;
				SDKROOT = iphoneos;
				TARGETED_DEVICE_FAMILY = "1,2";
				VALIDATE_PRODUCT = YES;
			};
			name = Release;
		};
		45D8648A1BD7890500332933 /* Debug */ = {
			isa = XCBuildConfiguration;
			buildSettings = {
				ASSETCATALOG_COMPILER_APPICON_NAME = AppIcon;
				INFOPLIST_FILE = XMPPMessengerApp/Info.plist;
				LD_RUNPATH_SEARCH_PATHS = "$(inherited) @executable_path/Frameworks";
				PRODUCT_BUNDLE_IDENTIFIER = boris.thriller.XMPPMessengerApp;
				PRODUCT_NAME = "$(TARGET_NAME)";
			};
			name = Debug;
		};
		45D8648B1BD7890500332933 /* Release */ = {
			isa = XCBuildConfiguration;
			buildSettings = {
				ASSETCATALOG_COMPILER_APPICON_NAME = AppIcon;
				INFOPLIST_FILE = XMPPMessengerApp/Info.plist;
				LD_RUNPATH_SEARCH_PATHS = "$(inherited) @executable_path/Frameworks";
				PRODUCT_BUNDLE_IDENTIFIER = boris.thriller.XMPPMessengerApp;
				PRODUCT_NAME = "$(TARGET_NAME)";
			};
			name = Release;
		};
/* End XCBuildConfiguration section */

/* Begin XCConfigurationList section */
		45D864721BD7890500332933 /* Build configuration list for PBXProject "XMPPMessengerApp" */ = {
			isa = XCConfigurationList;
			buildConfigurations = (
				45D864871BD7890500332933 /* Debug */,
				45D864881BD7890500332933 /* Release */,
			);
			defaultConfigurationIsVisible = 0;
			defaultConfigurationName = Release;
		};
		45D864891BD7890500332933 /* Build configuration list for PBXNativeTarget "XMPPMessengerApp" */ = {
			isa = XCConfigurationList;
			buildConfigurations = (
				45D8648A1BD7890500332933 /* Debug */,
				45D8648B1BD7890500332933 /* Release */,
			);
			defaultConfigurationIsVisible = 0;
		};
/* End XCConfigurationList section */
	};
	rootObject = 45D8646F1BD7890500332933 /* Project object */;
}
